
Microsoft Visual Studio Solution File, Format Version 12.00
# Visual Studio Version 16
VisualStudioVersion = 16.0.29123.88
MinimumVisualStudioVersion = 10.0.40219.1
Project("{2150E333-8FDC-42A3-9474-1A3956D46DE8}") = "src", "src", "{485B4FBF-6A56-4E2F-AAF4-0C01E747811D}"
EndProject
Project("{2150E333-8FDC-42A3-9474-1A3956D46DE8}") = "tests", "tests", "{127C1D4A-ECFB-4DDC-AAA3-7132C2D3D6BC}"
EndProject
Project("{9A19103F-16F7-4668-BE54-9A1E7A4F7556}") = "VirtoCommerce.AzureSearchModule.Data", "src\VirtoCommerce.AzureSearchModule.Data\VirtoCommerce.AzureSearchModule.Data.csproj", "{A578CCA0-1C40-46CC-8A05-F1FD660B1299}"
EndProject
Project("{9A19103F-16F7-4668-BE54-9A1E7A4F7556}") = "VirtoCommerce.AzureSearchModule.Web", "src\VirtoCommerce.AzureSearchModule.Web\VirtoCommerce.AzureSearchModule.Web.csproj", "{4188FD14-2C72-4C29-A2A5-F97851548194}"
EndProject
Project("{9A19103F-16F7-4668-BE54-9A1E7A4F7556}") = "VirtoCommerce.AzureSearchModule.Tests", "tests\VirtoCommerce.AzureSearchModule.Tests\VirtoCommerce.AzureSearchModule.Tests.csproj", "{8A76B67D-61F1-46AA-893E-A6E6C91B5D61}"
EndProject
Global
	GlobalSection(SolutionConfigurationPlatforms) = preSolution
		Debug|Any CPU = Debug|Any CPU
		Release|Any CPU = Release|Any CPU
	EndGlobalSection
	GlobalSection(ProjectConfigurationPlatforms) = postSolution
		{A578CCA0-1C40-46CC-8A05-F1FD660B1299}.Debug|Any CPU.ActiveCfg = Debug|Any CPU
		{A578CCA0-1C40-46CC-8A05-F1FD660B1299}.Debug|Any CPU.Build.0 = Debug|Any CPU
		{A578CCA0-1C40-46CC-8A05-F1FD660B1299}.Release|Any CPU.ActiveCfg = Release|Any CPU
		{A578CCA0-1C40-46CC-8A05-F1FD660B1299}.Release|Any CPU.Build.0 = Release|Any CPU
		{4188FD14-2C72-4C29-A2A5-F97851548194}.Debug|Any CPU.ActiveCfg = Debug|Any CPU
		{4188FD14-2C72-4C29-A2A5-F97851548194}.Debug|Any CPU.Build.0 = Debug|Any CPU
		{4188FD14-2C72-4C29-A2A5-F97851548194}.Release|Any CPU.ActiveCfg = Release|Any CPU
		{4188FD14-2C72-4C29-A2A5-F97851548194}.Release|Any CPU.Build.0 = Release|Any CPU
		{8A76B67D-61F1-46AA-893E-A6E6C91B5D61}.Debug|Any CPU.ActiveCfg = Debug|Any CPU
		{8A76B67D-61F1-46AA-893E-A6E6C91B5D61}.Debug|Any CPU.Build.0 = Debug|Any CPU
		{8A76B67D-61F1-46AA-893E-A6E6C91B5D61}.Release|Any CPU.ActiveCfg = Release|Any CPU
		{8A76B67D-61F1-46AA-893E-A6E6C91B5D61}.Release|Any CPU.Build.0 = Release|Any CPU
	EndGlobalSection
	GlobalSection(SolutionProperties) = preSolution
		HideSolutionNode = FALSE
	EndGlobalSection
	GlobalSection(NestedProjects) = preSolution
		{A578CCA0-1C40-46CC-8A05-F1FD660B1299} = {485B4FBF-6A56-4E2F-AAF4-0C01E747811D}
		{4188FD14-2C72-4C29-A2A5-F97851548194} = {485B4FBF-6A56-4E2F-AAF4-0C01E747811D}
		{8A76B67D-61F1-46AA-893E-A6E6C91B5D61} = {127C1D4A-ECFB-4DDC-AAA3-7132C2D3D6BC}
	EndGlobalSection
	GlobalSection(ExtensibilityGlobals) = postSolution
		SolutionGuid = {DBE5B9F8-CB70-4AD8-9979-77263AD4DD05}
	EndGlobalSection
EndGlobal
