
Microsoft Visual Studio Solution File, Format Version 12.00
# Visual Studio 15
VisualStudioVersion = 15.0.26430.12
MinimumVisualStudioVersion = 10.0.40219.1
Project("{FAE04EC0-301F-11D3-BF4B-00C04F79EFBC}") = "VirtoCommerce.AzureSearchModule.Web", "VirtoCommerce.AzureSearchModule.Web\VirtoCommerce.AzureSearchModule.Web.csproj", "{8E31AF8C-5EFC-4795-B9FE-9229CD3FFA90}"
EndProject
Project("{FAE04EC0-301F-11D3-BF4B-00C04F79EFBC}") = "VirtoCommerce.AzureSearchModule.Data", "VirtoCommerce.AzureSearchModule.Data\VirtoCommerce.AzureSearchModule.Data.csproj", "{3349FD5E-374B-494B-981D-27032B4C066C}"
EndProject
Project("{FAE04EC0-301F-11D3-BF4B-00C04F79EFBC}") = "VirtoCommerce.AzureSearchModule.Tests", "VirtoCommerce.AzureSearchModule.Tests\VirtoCommerce.AzureSearchModule.Tests.csproj", "{9B633C06-A88E-422A-BB8F-383A3A664483}"
EndProject
Global
	GlobalSection(SolutionConfigurationPlatforms) = preSolution
		Debug|Any CPU = Debug|Any CPU
		Release|Any CPU = Release|Any CPU
	EndGlobalSection
	GlobalSection(ProjectConfigurationPlatforms) = postSolution
		{8E31AF8C-5EFC-4795-B9FE-9229CD3FFA90}.Debug|Any CPU.ActiveCfg = Debug|Any CPU
		{8E31AF8C-5EFC-4795-B9FE-9229CD3FFA90}.Debug|Any CPU.Build.0 = Debug|Any CPU
		{8E31AF8C-5EFC-4795-B9FE-9229CD3FFA90}.Release|Any CPU.ActiveCfg = Release|Any CPU
		{8E31AF8C-5EFC-4795-B9FE-9229CD3FFA90}.Release|Any CPU.Build.0 = Release|Any CPU
		{3349FD5E-374B-494B-981D-27032B4C066C}.Debug|Any CPU.ActiveCfg = Debug|Any CPU
		{3349FD5E-374B-494B-981D-27032B4C066C}.Debug|Any CPU.Build.0 = Debug|Any CPU
		{3349FD5E-374B-494B-981D-27032B4C066C}.Release|Any CPU.ActiveCfg = Release|Any CPU
		{3349FD5E-374B-494B-981D-27032B4C066C}.Release|Any CPU.Build.0 = Release|Any CPU
		{9B633C06-A88E-422A-BB8F-383A3A664483}.Debug|Any CPU.ActiveCfg = Debug|Any CPU
		{9B633C06-A88E-422A-BB8F-383A3A664483}.Debug|Any CPU.Build.0 = Debug|Any CPU
		{9B633C06-A88E-422A-BB8F-383A3A664483}.Release|Any CPU.ActiveCfg = Release|Any CPU
		{9B633C06-A88E-422A-BB8F-383A3A664483}.Release|Any CPU.Build.0 = Release|Any CPU
	EndGlobalSection
	GlobalSection(SolutionProperties) = preSolution
		HideSolutionNode = FALSE
	EndGlobalSection
EndGlobal
